# THIS IS AN AUTOGENERATED FILE. DO NOT EDIT THIS FILE DIRECTLY.
# yarn lockfile v1


create-expo-app@^1.3.2:
  version "1.3.2"
  resolved "https://registry.yarnpkg.com/create-expo-app/-/create-expo-app-1.3.2.tgz#9e0ea22087e02abec20e4b90a4b7c886a94bd254"
  integrity sha512-H2WD6E4ZOV+u256ZT7gEJSXRkqJqDpo0Ek1yk1fe2EKQpju2+62LikMJqvgdznc+ZvrwZZi0Rk1rXZRrzmx6sw==
